
Microsoft Visual Studio Solution File, Format Version 12.00
# Visual Studio 15
VisualStudioVersion = 15.0.26730.16
MinimumVisualStudioVersion = 10.0.40219.1
Project("{D2ABAB84-BF74-430A-B69E-9DC6D40DDA17}") = "WorldWideImporters", "WorldWideImporters\WorldWideImporters.dwproj", "{E79792DB-E1DC-491C-96A6-BF47ED223F56}"
EndProject
Global
	GlobalSection(SolutionConfigurationPlatforms) = preSolution
		Development|Default = Development|Default
	EndGlobalSection
	GlobalSection(ProjectConfigurationPlatforms) = postSolution
		{E79792DB-E1DC-491C-96A6-BF47ED223F56}.Development|Default.ActiveCfg = Development
		{E79792DB-E1DC-491C-96A6-BF47ED223F56}.Development|Default.Build.0 = Development
		{E79792DB-E1DC-491C-96A6-BF47ED223F56}.Development|Default.Deploy.0 = Development
	EndGlobalSection
	GlobalSection(SolutionProperties) = preSolution
		HideSolutionNode = FALSE
	EndGlobalSection
	GlobalSection(ExtensibilityGlobals) = postSolution
		SolutionGuid = {B2A19454-B287-4D9D-BD96-C2BF2FF31816}
	EndGlobalSection
EndGlobal
